
Microsoft Visual Studio Solution File, Format Version 12.00
# Visual Studio Version 16
VisualStudioVersion = 16.0.30907.101
MinimumVisualStudioVersion = 10.0.40219.1
Project("{FAE04EC0-301F-11D3-BF4B-00C04F79EFBC}") = "20. Valid Parentheses", "20. Valid Parentheses\20. Valid Parentheses.csproj", "{1F648B93-99D6-4D70-A6E5-CC2E36EEC163}"
EndProject
Global
	GlobalSection(SolutionConfigurationPlatforms) = preSolution
		Debug|Any CPU = Debug|Any CPU
		Release|Any CPU = Release|Any CPU
	EndGlobalSection
	GlobalSection(ProjectConfigurationPlatforms) = postSolution
		{1F648B93-99D6-4D70-A6E5-CC2E36EEC163}.Debug|Any CPU.ActiveCfg = Debug|Any CPU
		{1F648B93-99D6-4D70-A6E5-CC2E36EEC163}.Debug|Any CPU.Build.0 = Debug|Any CPU
		{1F648B93-99D6-4D70-A6E5-CC2E36EEC163}.Release|Any CPU.ActiveCfg = Release|Any CPU
		{1F648B93-99D6-4D70-A6E5-CC2E36EEC163}.Release|Any CPU.Build.0 = Release|Any CPU
	EndGlobalSection
	GlobalSection(SolutionProperties) = preSolution
		HideSolutionNode = FALSE
	EndGlobalSection
	GlobalSection(ExtensibilityGlobals) = postSolution
		SolutionGuid = {2388CB48-F41D-4F86-A474-B8EA77F86C79}
	EndGlobalSection
EndGlobal
