
Microsoft Visual Studio Solution File, Format Version 12.00
# Visual Studio Version 16
VisualStudioVersion = 16.0.30907.101
MinimumVisualStudioVersion = 10.0.40219.1
Project("{FAE04EC0-301F-11D3-BF4B-00C04F79EFBC}") = "20. Valid Parentheses", "20. Valid Parentheses\20. Valid Parentheses.csproj", "{1F648B93-99D6-4D70-A6E5-CC2E36EEC163}"
EndProject
Project("{FAE04EC0-301F-11D3-BF4B-00C04F79EFBC}") = "55. Jump Game", "55. Jump Game\55. Jump Game.csproj", "{D26474A4-5AA9-4BD1-82A2-1DCA6D1E4214}"
EndProject
Project("{FAE04EC0-301F-11D3-BF4B-00C04F79EFBC}") = "8. String to Integer (atoi)", "8. String to Integer (atoi)\8. String to Integer (atoi).csproj", "{6C9A6143-0502-45AC-947F-B85BF9241AB9}"
EndProject
Project("{FAE04EC0-301F-11D3-BF4B-00C04F79EFBC}") = "41. First Missing Positive", "41. First Missing Positive\41. First Missing Positive.csproj", "{5CF9F19B-A1E8-4202-A903-674B20AD89ED}"
EndProject
Project("{FAE04EC0-301F-11D3-BF4B-00C04F79EFBC}") = "7. Reverse Integer", "7. Reverse Integer\7. Reverse Integer.csproj", "{2032B063-D0C6-42CA-A3B3-7B177593A8AF}"
EndProject
Project("{FAE04EC0-301F-11D3-BF4B-00C04F79EFBC}") = "3. Longest Substring Without Repeating Characters", "3. Longest Substring Without Repeating Characters\3. Longest Substring Without Repeating Characters.csproj", "{6D676449-C659-454A-A8AB-DF4D55EC577F}"
EndProject
Project("{FAE04EC0-301F-11D3-BF4B-00C04F79EFBC}") = "75. Sort Colors", "75. Sort Colors\75. Sort Colors.csproj", "{BC3D92A8-E47D-4D66-A6E6-D2F5754ACEED}"
EndProject
Project("{FAE04EC0-301F-11D3-BF4B-00C04F79EFBC}") = "383. Note", "383. Note\383. Note.csproj", "{CCAF6B04-4E70-4553-AC59-510254F359B2}"
EndProject
Project("{FAE04EC0-301F-11D3-BF4B-00C04F79EFBC}") = "73. Set Matrix Zeroes", "73. Set Matrix Zeroes\73. Set Matrix Zeroes.csproj", "{76659B53-19F0-4EC2-B812-CE80C61FE24A}"
EndProject
Project("{FAE04EC0-301F-11D3-BF4B-00C04F79EFBC}") = "139. Word Break", "139. Word Break\139. Word Break.csproj", "{CC4D7D4D-85C1-4B36-950B-1D18FF667C48}"
EndProject
Project("{FAE04EC0-301F-11D3-BF4B-00C04F79EFBC}") = "134. Gas Station", "134. Gas Station\134. Gas Station.csproj", "{6F662C50-0D54-4350-ABB7-072D150CB326}"
EndProject
Project("{FAE04EC0-301F-11D3-BF4B-00C04F79EFBC}") = "14. Longest Common Prefix", "14. Longest Common Prefix\14. Longest Common Prefix.csproj", "{67DDB875-98B0-4122-8683-B275A5206B16}"
EndProject
Project("{FAE04EC0-301F-11D3-BF4B-00C04F79EFBC}") = "162. Find Peak Element", "162. Find Peak Element\162. Find Peak Element.csproj", "{6FE7EEC1-5FA9-4CED-8572-EDED458410A0}"
EndProject
Project("{FAE04EC0-301F-11D3-BF4B-00C04F79EFBC}") = "121. Best Time to Buy and Sell Stock", "121. Best Time to Buy and Sell Stock\121. Best Time to Buy and Sell Stock.csproj", "{AED94886-1F71-4473-9C4A-33EBD236FEEE}"
EndProject
Project("{FAE04EC0-301F-11D3-BF4B-00C04F79EFBC}") = "283. Move Zeroes", "283. Move Zeroes\283. Move Zeroes.csproj", "{74484FC9-511D-4B03-B1D2-BD27B2C47DA1}"
EndProject
Project("{FAE04EC0-301F-11D3-BF4B-00C04F79EFBC}") = "739. Daily Temperatures", "739. Daily Temperatures\739. Daily Temperatures.csproj", "{4E4A8283-EAE1-42F1-BBBD-A31B9A47CE62}"
EndProject
Project("{FAE04EC0-301F-11D3-BF4B-00C04F79EFBC}") = "5. Longest Palindromic Substring", "5. Longest Palindromic Substring\5. Longest Palindromic Substring.csproj", "{9A0EF813-11F7-4A4B-B6DE-7B4267BB8631}"
EndProject
Project("{FAE04EC0-301F-11D3-BF4B-00C04F79EFBC}") = "1. Two Sum", "1. Two Sum\1. Two Sum.csproj", "{2255793C-490A-4E8A-8470-BB611BAF5BCC}"
EndProject
Project("{FAE04EC0-301F-11D3-BF4B-00C04F79EFBC}") = "217. Contains Duplicate", "217. Contains Duplicate\217. Contains Duplicate.csproj", "{7B794A4B-3904-464D-8C52-DEBEF9F7EC1D}"
EndProject
Project("{FAE04EC0-301F-11D3-BF4B-00C04F79EFBC}") = "238. Product of Array Except Self", "238. Product of Array Except Self\238. Product of Array Except Self.csproj", "{E39887C7-1481-45F4-A400-93B8DA750C20}"
EndProject
Project("{9A19103F-16F7-4668-BE54-9A1E7A4F7556}") = "153. Find Minimum in Rotated Sorted Array", "153. Find Minimum in Rotated Sorted Array\153. Find Minimum in Rotated Sorted Array.csproj", "{051148EA-E91C-410B-8DC1-15147F66DA61}"
EndProject
Project("{FAE04EC0-301F-11D3-BF4B-00C04F79EFBC}") = "33. Search in Rotated Sorted Array", "33. Search in Rotated Sorted Array\33. Search in Rotated Sorted Array.csproj", "{EE6CF3F9-996D-4827-B7AC-3678DAFDF848}"
EndProject
Project("{FAE04EC0-301F-11D3-BF4B-00C04F79EFBC}") = "11. Container With Most Water", "11. Container With Most Water\11. Container With Most Water.csproj", "{FF272BED-B945-4DD8-930C-A070E994837A}"
EndProject
Project("{FAE04EC0-301F-11D3-BF4B-00C04F79EFBC}") = "48. Rotate Image", "48. Rotate Image\48. Rotate Image.csproj", "{B2FCF3EC-E214-4100-8D48-87C150F57300}"
EndProject
Project("{FAE04EC0-301F-11D3-BF4B-00C04F79EFBC}") = "53. Maximum Subarray", "53. Maximum Subarray\53. Maximum Subarray.csproj", "{4F334E5C-B503-4DC2-A7F4-2C1A78A9C3CF}"
EndProject
Project("{FAE04EC0-301F-11D3-BF4B-00C04F79EFBC}") = "152. Maximum Product Subarray", "152. Maximum Product Subarray\152. Maximum Product Subarray.csproj", "{F3A37B28-C697-46BE-964D-9D303CEF7C11}"
EndProject
Project("{FAE04EC0-301F-11D3-BF4B-00C04F79EFBC}") = "268. Missing Number", "268. Missing Number\268. Missing Number.csproj", "{C73C9237-C0E8-4905-8BF1-513DF4774B1F}"
EndProject
Project("{FAE04EC0-301F-11D3-BF4B-00C04F79EFBC}") = "191. Number of 1 Bits", "191. Number of 1 Bits\191. Number of 1 Bits.csproj", "{0514DC06-5C80-4617-AED4-947F88400495}"
EndProject
Project("{FAE04EC0-301F-11D3-BF4B-00C04F79EFBC}") = "70. Climbing Stairs", "70. Climbing Stairs\70. Climbing Stairs.csproj", "{F296C546-4E32-477E-8BAE-2D296F8B642D}"
EndProject
Project("{FAE04EC0-301F-11D3-BF4B-00C04F79EFBC}") = "322. Coin Change", "322. Coin Change\322. Coin Change.csproj", "{33F99560-A99B-4B1F-B4EC-69D75973E826}"
EndProject
Project("{FAE04EC0-301F-11D3-BF4B-00C04F79EFBC}") = "242. Valid Anagram", "242. Valid Anagram\242. Valid Anagram.csproj", "{3B6547B8-5054-4562-8E39-8FEA35CD293E}"
EndProject
Project("{FAE04EC0-301F-11D3-BF4B-00C04F79EFBC}") = "49. Group Anagrams", "49. Group Anagrams\49. Group Anagrams.csproj", "{9C847A38-A3F5-4BD4-80B1-C9603379BD8F}"
EndProject
Project("{FAE04EC0-301F-11D3-BF4B-00C04F79EFBC}") = "125. Valid Palindrome", "125. Valid Palindrome\125. Valid Palindrome.csproj", "{A94CDD8B-11EA-43F8-B894-ED8A42E0B914}"
EndProject
Project("{FAE04EC0-301F-11D3-BF4B-00C04F79EFBC}") = "54. Spiral Matrix", "54. Spiral Matrix\54. Spiral Matrix.csproj", "{DF1BE4EF-3D08-4C72-B814-A934AA2F15B3}"
EndProject
Project("{FAE04EC0-301F-11D3-BF4B-00C04F79EFBC}") = "79. Word Search", "79. Word Search\79. Word Search.csproj", "{C90AA3B7-1D67-4B1B-86F9-1480832E54D6}"
EndProject
Project("{FAE04EC0-301F-11D3-BF4B-00C04F79EFBC}") = "206. Reverse Linked List", "206. Reverse Linked List\206. Reverse Linked List.csproj", "{7EF50B97-511E-4857-BE5B-CD77EF566F94}"
EndProject
Project("{FAE04EC0-301F-11D3-BF4B-00C04F79EFBC}") = "21. Merge Two Sorted Lists", "21. Merge Two Sorted Lists\21. Merge Two Sorted Lists.csproj", "{95AF4B96-7E65-467C-8FA4-DC9D55E9ABA3}"
EndProject
Project("{FAE04EC0-301F-11D3-BF4B-00C04F79EFBC}") = "19. Remove Nth Node From End of List", "19. Remove Nth Node From End of List\19. Remove Nth Node From End of List.csproj", "{874FAF4D-1506-40B9-8BC4-EB84F7B2D409}"
EndProject
Project("{FAE04EC0-301F-11D3-BF4B-00C04F79EFBC}") = "141. Linked List Cycle", "141. Linked List Cycle\141. Linked List Cycle.csproj", "{DE6DA78D-D81F-48F6-B139-B8A3CBF08141}"
EndProject
Project("{FAE04EC0-301F-11D3-BF4B-00C04F79EFBC}") = "143. Reorder List", "143. Reorder List\143. Reorder List.csproj", "{5DA6F762-903A-48B7-91FB-419760488C3B}"
EndProject
Project("{FAE04EC0-301F-11D3-BF4B-00C04F79EFBC}") = "23. Merge k Sorted Lists", "23. Merge k Sorted Lists\23. Merge k Sorted Lists.csproj", "{507FF4D4-CA45-4F75-A9DF-EEFDA66AEF4E}"
EndProject
Project("{FAE04EC0-301F-11D3-BF4B-00C04F79EFBC}") = "100. Same Tree", "100. Same Tree\100. Same Tree.csproj", "{D0181E2A-17DE-4B44-B5BB-85458965200E}"
EndProject
Project("{FAE04EC0-301F-11D3-BF4B-00C04F79EFBC}") = "572. Subtree of Another Tree", "572. Subtree of Another Tree\572. Subtree of Another Tree.csproj", "{98A23F0D-E61C-45FF-8332-0021BF6E0E00}"
EndProject
Project("{FAE04EC0-301F-11D3-BF4B-00C04F79EFBC}") = "226. Invert Binary Tree", "226. Invert Binary Tree\226. Invert Binary Tree.csproj", "{85617B43-52BD-44C8-A1C2-75948C6928D1}"
EndProject
Project("{FAE04EC0-301F-11D3-BF4B-00C04F79EFBC}") = "104. Maximum Depth of Binary Tree", "104. Maximum Depth of Binary Tree\104. Maximum Depth of Binary Tree.csproj", "{204A16DF-C1CB-4F57-88E5-241ED4A0DA33}"
EndProject
Project("{FAE04EC0-301F-11D3-BF4B-00C04F79EFBC}") = "6. Zigzag Conversion", "6. Zigzag Conversion\6. Zigzag Conversion.csproj", "{B97F4529-72A7-4A1D-9404-09AF6BE1F340}"
EndProject
Project("{FAE04EC0-301F-11D3-BF4B-00C04F79EFBC}") = "98. Validate Binary Search Tree", "98. Validate Binary Search Tree\98. Validate Binary Search Tree.csproj", "{5403C8F5-826B-4243-B6C1-1AA20C056F5C}"
EndProject
Project("{FAE04EC0-301F-11D3-BF4B-00C04F79EFBC}") = "235. Lowest Common Ancestor of a Binary Search Tree", "235. Lowest Common Ancestor of a Binary Search Tree\235. Lowest Common Ancestor of a Binary Search Tree.csproj", "{3FFB04FF-B4ED-45D3-8764-46BF9F0DF9BC}"
EndProject
Project("{FAE04EC0-301F-11D3-BF4B-00C04F79EFBC}") = "230. Kth Smallest Element in a BST", "230. Kth Smallest Element in a BST\230. Kth Smallest Element in a BST.csproj", "{8B55258C-4ADB-4E52-A049-BC70C0856A8F}"
EndProject
Project("{FAE04EC0-301F-11D3-BF4B-00C04F79EFBC}") = "102. Binary Tree Level Order Traversal", "102. Binary Tree Level Order Traversal\102. Binary Tree Level Order Traversal.csproj", "{462640E7-324D-4835-A318-31E31FD3029E}"
EndProject
Project("{FAE04EC0-301F-11D3-BF4B-00C04F79EFBC}") = "347. Top K Frequent Elements", "347. Top K Frequent Elements\347. Top K Frequent Elements.csproj", "{2CA9A70A-ADE1-4639-BD4B-08D01267876E}"
EndProject
Project("{FAE04EC0-301F-11D3-BF4B-00C04F79EFBC}") = "17. Letter Combinations of a Phone Number", "17. Letter Combinations of a Phone Number\17. Letter Combinations of a Phone Number.csproj", "{9EED2A6F-8DF0-487D-9AAE-F70391F69E23}"
EndProject
Project("{FAE04EC0-301F-11D3-BF4B-00C04F79EFBC}") = "26. Remove Duplicates from Sorted Array", "26. Remove Duplicates from Sorted Array\26. Remove Duplicates from Sorted Array.csproj", "{0E4CA1D2-6BD0-40D0-98B4-0311C54E7729}"
EndProject
Project("{FAE04EC0-301F-11D3-BF4B-00C04F79EFBC}") = "207. Course Schedule", "207. Course Schedule\207. Course Schedule.csproj", "{BFEC4275-C712-4D03-9F06-15319B87797A}"
EndProject
Project("{FAE04EC0-301F-11D3-BF4B-00C04F79EFBC}") = "2. Add Two Numbers", "2. Add Two Numbers\2. Add Two Numbers.csproj", "{07701D11-8500-459C-B299-96C4FC40507F}"
EndProject
Project("{FAE04EC0-301F-11D3-BF4B-00C04F79EFBC}") = "128. Longest Consecutive Sequence", "128. Longest Consecutive Sequence\128. Longest Consecutive Sequence.csproj", "{089AEC49-136C-4F89-B371-81216C55B53B}"
EndProject
Project("{FAE04EC0-301F-11D3-BF4B-00C04F79EFBC}") = "66. Plus One", "66. Plus One\66. Plus One.csproj", "{B39F8B9B-4EBA-45DA-8005-4B94CCEDC2AE}"
EndProject
Project("{FAE04EC0-301F-11D3-BF4B-00C04F79EFBC}") = "202. Happy Number", "202. Happy Number\202. Happy Number.csproj", "{8595CC7D-2955-4310-8748-BA9CD67084D1}"
EndProject
Project("{FAE04EC0-301F-11D3-BF4B-00C04F79EFBC}") = "189. Rotate Array", "189. Rotate Array\189. Rotate Array.csproj", "{0F52B9FC-6C17-40C8-A193-DBE85387469A}"
EndProject
Project("{FAE04EC0-301F-11D3-BF4B-00C04F79EFBC}") = "169. Majority Element", "169. Majority Element\169. Majority Element.csproj", "{DEFC4B86-81AF-4AC6-BEF0-9EDE85BB0B06}"
EndProject
Project("{FAE04EC0-301F-11D3-BF4B-00C04F79EFBC}") = "204. Count Primes", "204. Count Primes\204. Count Primes.csproj", "{C92DE1D7-B9FB-4B21-8482-D1DC64E8E1FD}"
EndProject
Project("{FAE04EC0-301F-11D3-BF4B-00C04F79EFBC}") = "179. Largest Number", "179. Largest Number\179. Largest Number.csproj", "{1C334003-CDD0-4A97-8835-DD5AA3D771C1}"
EndProject
Project("{FAE04EC0-301F-11D3-BF4B-00C04F79EFBC}") = "130. Surrounded Regions", "130. Surrounded Regions\130. Surrounded Regions.csproj", "{EFB4F89D-9125-4DFF-AE29-79AA52E23916}"
EndProject
Project("{FAE04EC0-301F-11D3-BF4B-00C04F79EFBC}") = "200. Number of Islands", "200. Number of Islands\200. Number of Islands.csproj", "{F6ADAC0D-CB08-454F-8CFB-B4E800F7A1E9}"
EndProject
Project("{FAE04EC0-301F-11D3-BF4B-00C04F79EFBC}") = "83. Remove Duplicates from Sorted List", "83. Remove Duplicates from Sorted List\83. Remove Duplicates from Sorted List.csproj", "{F12B2328-5D61-424A-B167-4F3598112845}"
EndProject
Project("{FAE04EC0-301F-11D3-BF4B-00C04F79EFBC}") = "97. Interleaving String", "97. Interleaving String\97. Interleaving String.csproj", "{90ABAF16-5D19-4320-9588-0EF3C797B16F}"
EndProject
Project("{FAE04EC0-301F-11D3-BF4B-00C04F79EFBC}") = "34. Find First and Last Position of Element in Sorted Array", "34. Find First and Last Position of Element in Sorted Array\34. Find First and Last Position of Element in Sorted Array.csproj", "{88EEC9E9-DA29-4C9C-9EC8-915ADAD4F484}"
EndProject
Project("{FAE04EC0-301F-11D3-BF4B-00C04F79EFBC}") = "215. Kth Largest Element in an Array", "215. Kth Largest Element in an Array\215. Kth Largest Element in an Array.csproj", "{2EC9AB25-EC25-4E47-B82A-9FB201BDF8F1}"
EndProject
Project("{FAE04EC0-301F-11D3-BF4B-00C04F79EFBC}") = "13. Roman to Integer", "13. Roman to Integer\13. Roman to Integer.csproj", "{FFC2FF11-A639-4C1C-B563-E3774039734E}"
EndProject
Project("{FAE04EC0-301F-11D3-BF4B-00C04F79EFBC}") = "12. Integer to Roman", "12. Integer to Roman\12. Integer to Roman.csproj", "{0B8F60EE-F31C-443A-AFE3-8B58F3F2DD9A}"
EndProject
Project("{FAE04EC0-301F-11D3-BF4B-00C04F79EFBC}") = "172. Factorial Trailing Zeroes", "172. Factorial Trailing Zeroes\172. Factorial Trailing Zeroes.csproj", "{985D0111-3F47-4398-9112-CCF33D69E9C6}"
EndProject
Project("{FAE04EC0-301F-11D3-BF4B-00C04F79EFBC}") = "118. Pascal's Triangle", "118. Pascal's Triangle\118. Pascal's Triangle.csproj", "{16104C70-5773-44B9-B5EE-229DC1A96834}"
EndProject
Project("{FAE04EC0-301F-11D3-BF4B-00C04F79EFBC}") = "171. Excel Sheet Column Number", "171. Excel Sheet Column Number\171. Excel Sheet Column Number.csproj", "{5BC4EF47-7550-4FD2-B8DE-FF0E7CDC7DAC}"
EndProject
Project("{FAE04EC0-301F-11D3-BF4B-00C04F79EFBC}") = "166. Fraction to Recurring Decimal", "166. Fraction to Recurring Decimal\166. Fraction to Recurring Decimal.csproj", "{517F8390-A244-48F5-B0E7-3774F6FA5D9B}"
EndProject
Project("{FAE04EC0-301F-11D3-BF4B-00C04F79EFBC}") = "146. LRU Cache", "146. LRU Cache\146. LRU Cache.csproj", "{B891E7C5-8171-4DAB-AA57-234BA8EBEC96}"
EndProject
Project("{FAE04EC0-301F-11D3-BF4B-00C04F79EFBC}") = "136. Single Number", "136. Single Number\136. Single Number.csproj", "{7BB51AE0-CC53-47F9-B6FB-C4AFAF2E0482}"
EndProject
Project("{FAE04EC0-301F-11D3-BF4B-00C04F79EFBC}") = "101. Symmetric Tree", "101. Symmetric Tree\101. Symmetric Tree.csproj", "{564D6C78-C5F0-4B17-9F1E-18DB79E2B083}"
EndProject
Project("{FAE04EC0-301F-11D3-BF4B-00C04F79EFBC}") = "15. 3Sum", "15. 3Sum\15. 3Sum.csproj", "{CCF75F16-1BDB-4F29-A620-76F6306E2D79}"
EndProject
Project("{FAE04EC0-301F-11D3-BF4B-00C04F79EFBC}") = "148. Sort List", "148. Sort List\148. Sort List.csproj", "{86778418-2C8F-450C-8E7B-4C5BDA07E81A}"
EndProject
Project("{FAE04EC0-301F-11D3-BF4B-00C04F79EFBC}") = "28. Find the Index of the First Occurrence in a String", "28. Find the Index of the First Occurrence in a String\28. Find the Index of the First Occurrence in a String.csproj", "{7906DBCA-C733-45EB-BC0F-AB28742F8840}"
EndProject
Project("{FAE04EC0-301F-11D3-BF4B-00C04F79EFBC}") = "160. Intersection of Two Linked Lists", "160. Intersection of Two Linked Lists\160. Intersection of Two Linked Lists.csproj", "{DC3E1862-A33A-4D79-A2D3-58ADB2C337BA}"
EndProject
Project("{FAE04EC0-301F-11D3-BF4B-00C04F79EFBC}") = "38. Count and Say", "38. Count and Say\38. Count and Say.csproj", "{BF4C7D36-61B3-410B-B46D-05142747ED0D}"
EndProject
Project("{FAE04EC0-301F-11D3-BF4B-00C04F79EFBC}") = "36. Valid Sudoku", "36. Valid Sudoku\36. Valid Sudoku.csproj", "{2C1F96D7-FD94-4CBA-B39E-0B913773EFA1}"
EndProject
Project("{FAE04EC0-301F-11D3-BF4B-00C04F79EFBC}") = "78. Subsets", "78. Subsets\78. Subsets.csproj", "{0E6FFFFF-3F3F-47B3-A537-29EB97AAC08D}"
EndProject
Project("{FAE04EC0-301F-11D3-BF4B-00C04F79EFBC}") = "4. Median of Two Sorted Arrays", "4. Median of Two Sorted Arrays\4. Median of Two Sorted Arrays.csproj", "{67B1D24F-ED2B-48A4-A210-01BD9DE10B1E}"
EndProject
Project("{FAE04EC0-301F-11D3-BF4B-00C04F79EFBC}") = "88. Merge Sorted Array", "88. Merge Sorted Array\88. Merge Sorted Array.csproj", "{F0442949-E7BA-4621-8C31-28CFFF4D826B}"
EndProject
Project("{FAE04EC0-301F-11D3-BF4B-00C04F79EFBC}") = "387. First Unique Character in a String", "387. First Unique Character in a String\387. First Unique Character in a String.csproj", "{8B671188-6926-4F59-94AC-1663435D9E15}"
EndProject
Project("{FAE04EC0-301F-11D3-BF4B-00C04F79EFBC}") = "116. Populating Next Right Pointers in Each Node", "116. Populating Next Right Pointers in Each Node\116. Populating Next Right Pointers in Each Node.csproj", "{8D1AD28C-2884-43BD-AB3B-06990BDAFEC5}"
EndProject
Project("{FAE04EC0-301F-11D3-BF4B-00C04F79EFBC}") = "149. Max Points on a Line", "149. Max Points on a Line\149. Max Points on a Line.csproj", "{2CB58028-B615-4CC5-B725-4935110A4E7F}"
EndProject
Project("{FAE04EC0-301F-11D3-BF4B-00C04F79EFBC}") = "1884. Egg Drop With 2 Eggs and N Floors", "1884. Egg Drop With 2 Eggs and N Floors\1884. Egg Drop With 2 Eggs and N Floors.csproj", "{390F3949-C409-4DC9-B491-D0D5F7D68744}"
EndProject
Project("{FAE04EC0-301F-11D3-BF4B-00C04F79EFBC}") = "384. Shuffle an Array", "384. Shuffle an Array\384. Shuffle an Array.csproj", "{0238E192-2CBA-4036-900E-47E3D48F44D7}"
EndProject
Project("{FAE04EC0-301F-11D3-BF4B-00C04F79EFBC}") = "287. Find the Duplicate Number", "287. Find the Duplicate Number\287. Find the Duplicate Number.csproj", "{4D5D8DE6-244F-4F61-AA21-240319710F53}"
EndProject
Project("{FAE04EC0-301F-11D3-BF4B-00C04F79EFBC}") = "289. Game of Life", "289. Game of Life\289. Game of Life.csproj", "{A75DCF58-4F4E-4610-BF4C-6008BE149083}"
EndProject
Project("{FAE04EC0-301F-11D3-BF4B-00C04F79EFBC}") = "412. Fizz Buzz", "412. Fizz Buzz\412. Fizz Buzz.csproj", "{BF2F07DA-0367-4B56-AC91-0056E21CC6AF}"
EndProject
Project("{FAE04EC0-301F-11D3-BF4B-00C04F79EFBC}") = "344. Reverse String", "344. Reverse String\344. Reverse String.csproj", "{982F5089-57BC-400A-915E-08CC05C30E0F}"
EndProject
Project("{FAE04EC0-301F-11D3-BF4B-00C04F79EFBC}") = "378. Kth Smallest Element in a Sorted Matrix", "378. Kth Smallest Element in a Sorted Matrix\378. Kth Smallest Element in a Sorted Matrix.csproj", "{35700F0A-1247-475B-B942-7BD9A771F044}"
EndProject
Project("{FAE04EC0-301F-11D3-BF4B-00C04F79EFBC}") = "380. Insert Delete GetRandom O(1)", "380. Insert Delete GetRandom O(1)\380. Insert Delete GetRandom O(1).csproj", "{C2ED8779-AB96-495E-9F8A-33F813274E94}"
EndProject
Project("{FAE04EC0-301F-11D3-BF4B-00C04F79EFBC}") = "328. Odd Even Linked List", "328. Odd Even Linked List\328. Odd Even Linked List.csproj", "{C3418E57-95FA-4611-8878-F2844F72AD28}"
EndProject
Project("{FAE04EC0-301F-11D3-BF4B-00C04F79EFBC}") = "69. Sqrt(x)", "69. Sqrt(x)\69. Sqrt(x).csproj", "{1D5D95B2-CC21-4F69-A468-44289565C2EB}"
EndProject
Project("{FAE04EC0-301F-11D3-BF4B-00C04F79EFBC}") = "155. Min Stack", "155. Min Stack\155. Min Stack.csproj", "{97001FD9-EB8F-42D3-8964-2E5FB8076A3B}"
EndProject
Project("{FAE04EC0-301F-11D3-BF4B-00C04F79EFBC}") = "237. Delete Node in a Linked List", "237. Delete Node in a Linked List\237. Delete Node in a Linked List.csproj", "{2CC368CD-FA53-4B22-BA89-B6DE1E9B716E}"
EndProject
Project("{FAE04EC0-301F-11D3-BF4B-00C04F79EFBC}") = "240. Search a 2D Matrix II", "240. Search a 2D Matrix II\240. Search a 2D Matrix II.csproj", "{A5533F79-636E-4EC1-824A-4B5DFCB5521C}"
EndProject
Global
	GlobalSection(SolutionConfigurationPlatforms) = preSolution
		Debug|Any CPU = Debug|Any CPU
		Release|Any CPU = Release|Any CPU
	EndGlobalSection
	GlobalSection(ProjectConfigurationPlatforms) = postSolution
		{1F648B93-99D6-4D70-A6E5-CC2E36EEC163}.Debug|Any CPU.ActiveCfg = Debug|Any CPU
		{1F648B93-99D6-4D70-A6E5-CC2E36EEC163}.Debug|Any CPU.Build.0 = Debug|Any CPU
		{1F648B93-99D6-4D70-A6E5-CC2E36EEC163}.Release|Any CPU.ActiveCfg = Release|Any CPU
		{1F648B93-99D6-4D70-A6E5-CC2E36EEC163}.Release|Any CPU.Build.0 = Release|Any CPU
		{D26474A4-5AA9-4BD1-82A2-1DCA6D1E4214}.Debug|Any CPU.ActiveCfg = Debug|Any CPU
		{D26474A4-5AA9-4BD1-82A2-1DCA6D1E4214}.Debug|Any CPU.Build.0 = Debug|Any CPU
		{D26474A4-5AA9-4BD1-82A2-1DCA6D1E4214}.Release|Any CPU.ActiveCfg = Release|Any CPU
		{D26474A4-5AA9-4BD1-82A2-1DCA6D1E4214}.Release|Any CPU.Build.0 = Release|Any CPU
		{6C9A6143-0502-45AC-947F-B85BF9241AB9}.Debug|Any CPU.ActiveCfg = Debug|Any CPU
		{6C9A6143-0502-45AC-947F-B85BF9241AB9}.Debug|Any CPU.Build.0 = Debug|Any CPU
		{6C9A6143-0502-45AC-947F-B85BF9241AB9}.Release|Any CPU.ActiveCfg = Release|Any CPU
		{6C9A6143-0502-45AC-947F-B85BF9241AB9}.Release|Any CPU.Build.0 = Release|Any CPU
		{5CF9F19B-A1E8-4202-A903-674B20AD89ED}.Debug|Any CPU.ActiveCfg = Debug|Any CPU
		{5CF9F19B-A1E8-4202-A903-674B20AD89ED}.Debug|Any CPU.Build.0 = Debug|Any CPU
		{5CF9F19B-A1E8-4202-A903-674B20AD89ED}.Release|Any CPU.ActiveCfg = Release|Any CPU
		{5CF9F19B-A1E8-4202-A903-674B20AD89ED}.Release|Any CPU.Build.0 = Release|Any CPU
		{2032B063-D0C6-42CA-A3B3-7B177593A8AF}.Debug|Any CPU.ActiveCfg = Debug|Any CPU
		{2032B063-D0C6-42CA-A3B3-7B177593A8AF}.Debug|Any CPU.Build.0 = Debug|Any CPU
		{2032B063-D0C6-42CA-A3B3-7B177593A8AF}.Release|Any CPU.ActiveCfg = Release|Any CPU
		{2032B063-D0C6-42CA-A3B3-7B177593A8AF}.Release|Any CPU.Build.0 = Release|Any CPU
		{6D676449-C659-454A-A8AB-DF4D55EC577F}.Debug|Any CPU.ActiveCfg = Debug|Any CPU
		{6D676449-C659-454A-A8AB-DF4D55EC577F}.Debug|Any CPU.Build.0 = Debug|Any CPU
		{6D676449-C659-454A-A8AB-DF4D55EC577F}.Release|Any CPU.ActiveCfg = Release|Any CPU
		{6D676449-C659-454A-A8AB-DF4D55EC577F}.Release|Any CPU.Build.0 = Release|Any CPU
		{BC3D92A8-E47D-4D66-A6E6-D2F5754ACEED}.Debug|Any CPU.ActiveCfg = Debug|Any CPU
		{BC3D92A8-E47D-4D66-A6E6-D2F5754ACEED}.Debug|Any CPU.Build.0 = Debug|Any CPU
		{BC3D92A8-E47D-4D66-A6E6-D2F5754ACEED}.Release|Any CPU.ActiveCfg = Release|Any CPU
		{BC3D92A8-E47D-4D66-A6E6-D2F5754ACEED}.Release|Any CPU.Build.0 = Release|Any CPU
		{CCAF6B04-4E70-4553-AC59-510254F359B2}.Debug|Any CPU.ActiveCfg = Debug|Any CPU
		{CCAF6B04-4E70-4553-AC59-510254F359B2}.Debug|Any CPU.Build.0 = Debug|Any CPU
		{CCAF6B04-4E70-4553-AC59-510254F359B2}.Release|Any CPU.ActiveCfg = Release|Any CPU
		{CCAF6B04-4E70-4553-AC59-510254F359B2}.Release|Any CPU.Build.0 = Release|Any CPU
		{76659B53-19F0-4EC2-B812-CE80C61FE24A}.Debug|Any CPU.ActiveCfg = Debug|Any CPU
		{76659B53-19F0-4EC2-B812-CE80C61FE24A}.Debug|Any CPU.Build.0 = Debug|Any CPU
		{76659B53-19F0-4EC2-B812-CE80C61FE24A}.Release|Any CPU.ActiveCfg = Release|Any CPU
		{76659B53-19F0-4EC2-B812-CE80C61FE24A}.Release|Any CPU.Build.0 = Release|Any CPU
		{CC4D7D4D-85C1-4B36-950B-1D18FF667C48}.Debug|Any CPU.ActiveCfg = Debug|Any CPU
		{CC4D7D4D-85C1-4B36-950B-1D18FF667C48}.Debug|Any CPU.Build.0 = Debug|Any CPU
		{CC4D7D4D-85C1-4B36-950B-1D18FF667C48}.Release|Any CPU.ActiveCfg = Release|Any CPU
		{CC4D7D4D-85C1-4B36-950B-1D18FF667C48}.Release|Any CPU.Build.0 = Release|Any CPU
		{6F662C50-0D54-4350-ABB7-072D150CB326}.Debug|Any CPU.ActiveCfg = Debug|Any CPU
		{6F662C50-0D54-4350-ABB7-072D150CB326}.Debug|Any CPU.Build.0 = Debug|Any CPU
		{6F662C50-0D54-4350-ABB7-072D150CB326}.Release|Any CPU.ActiveCfg = Release|Any CPU
		{6F662C50-0D54-4350-ABB7-072D150CB326}.Release|Any CPU.Build.0 = Release|Any CPU
		{67DDB875-98B0-4122-8683-B275A5206B16}.Debug|Any CPU.ActiveCfg = Debug|Any CPU
		{67DDB875-98B0-4122-8683-B275A5206B16}.Debug|Any CPU.Build.0 = Debug|Any CPU
		{67DDB875-98B0-4122-8683-B275A5206B16}.Release|Any CPU.ActiveCfg = Release|Any CPU
		{67DDB875-98B0-4122-8683-B275A5206B16}.Release|Any CPU.Build.0 = Release|Any CPU
		{6FE7EEC1-5FA9-4CED-8572-EDED458410A0}.Debug|Any CPU.ActiveCfg = Debug|Any CPU
		{6FE7EEC1-5FA9-4CED-8572-EDED458410A0}.Debug|Any CPU.Build.0 = Debug|Any CPU
		{6FE7EEC1-5FA9-4CED-8572-EDED458410A0}.Release|Any CPU.ActiveCfg = Release|Any CPU
		{6FE7EEC1-5FA9-4CED-8572-EDED458410A0}.Release|Any CPU.Build.0 = Release|Any CPU
		{AED94886-1F71-4473-9C4A-33EBD236FEEE}.Debug|Any CPU.ActiveCfg = Debug|Any CPU
		{AED94886-1F71-4473-9C4A-33EBD236FEEE}.Debug|Any CPU.Build.0 = Debug|Any CPU
		{AED94886-1F71-4473-9C4A-33EBD236FEEE}.Release|Any CPU.ActiveCfg = Release|Any CPU
		{AED94886-1F71-4473-9C4A-33EBD236FEEE}.Release|Any CPU.Build.0 = Release|Any CPU
		{74484FC9-511D-4B03-B1D2-BD27B2C47DA1}.Debug|Any CPU.ActiveCfg = Debug|Any CPU
		{74484FC9-511D-4B03-B1D2-BD27B2C47DA1}.Debug|Any CPU.Build.0 = Debug|Any CPU
		{74484FC9-511D-4B03-B1D2-BD27B2C47DA1}.Release|Any CPU.ActiveCfg = Release|Any CPU
		{74484FC9-511D-4B03-B1D2-BD27B2C47DA1}.Release|Any CPU.Build.0 = Release|Any CPU
		{4E4A8283-EAE1-42F1-BBBD-A31B9A47CE62}.Debug|Any CPU.ActiveCfg = Debug|Any CPU
		{4E4A8283-EAE1-42F1-BBBD-A31B9A47CE62}.Debug|Any CPU.Build.0 = Debug|Any CPU
		{4E4A8283-EAE1-42F1-BBBD-A31B9A47CE62}.Release|Any CPU.ActiveCfg = Release|Any CPU
		{4E4A8283-EAE1-42F1-BBBD-A31B9A47CE62}.Release|Any CPU.Build.0 = Release|Any CPU
		{9A0EF813-11F7-4A4B-B6DE-7B4267BB8631}.Debug|Any CPU.ActiveCfg = Debug|Any CPU
		{9A0EF813-11F7-4A4B-B6DE-7B4267BB8631}.Debug|Any CPU.Build.0 = Debug|Any CPU
		{9A0EF813-11F7-4A4B-B6DE-7B4267BB8631}.Release|Any CPU.ActiveCfg = Release|Any CPU
		{9A0EF813-11F7-4A4B-B6DE-7B4267BB8631}.Release|Any CPU.Build.0 = Release|Any CPU
		{2255793C-490A-4E8A-8470-BB611BAF5BCC}.Debug|Any CPU.ActiveCfg = Debug|Any CPU
		{2255793C-490A-4E8A-8470-BB611BAF5BCC}.Debug|Any CPU.Build.0 = Debug|Any CPU
		{2255793C-490A-4E8A-8470-BB611BAF5BCC}.Release|Any CPU.ActiveCfg = Release|Any CPU
		{2255793C-490A-4E8A-8470-BB611BAF5BCC}.Release|Any CPU.Build.0 = Release|Any CPU
		{7B794A4B-3904-464D-8C52-DEBEF9F7EC1D}.Debug|Any CPU.ActiveCfg = Debug|Any CPU
		{7B794A4B-3904-464D-8C52-DEBEF9F7EC1D}.Debug|Any CPU.Build.0 = Debug|Any CPU
		{7B794A4B-3904-464D-8C52-DEBEF9F7EC1D}.Release|Any CPU.ActiveCfg = Release|Any CPU
		{7B794A4B-3904-464D-8C52-DEBEF9F7EC1D}.Release|Any CPU.Build.0 = Release|Any CPU
		{E39887C7-1481-45F4-A400-93B8DA750C20}.Debug|Any CPU.ActiveCfg = Debug|Any CPU
		{E39887C7-1481-45F4-A400-93B8DA750C20}.Debug|Any CPU.Build.0 = Debug|Any CPU
		{E39887C7-1481-45F4-A400-93B8DA750C20}.Release|Any CPU.ActiveCfg = Release|Any CPU
		{E39887C7-1481-45F4-A400-93B8DA750C20}.Release|Any CPU.Build.0 = Release|Any CPU
		{051148EA-E91C-410B-8DC1-15147F66DA61}.Debug|Any CPU.ActiveCfg = Debug|Any CPU
		{051148EA-E91C-410B-8DC1-15147F66DA61}.Debug|Any CPU.Build.0 = Debug|Any CPU
		{051148EA-E91C-410B-8DC1-15147F66DA61}.Release|Any CPU.ActiveCfg = Release|Any CPU
		{051148EA-E91C-410B-8DC1-15147F66DA61}.Release|Any CPU.Build.0 = Release|Any CPU
		{EE6CF3F9-996D-4827-B7AC-3678DAFDF848}.Debug|Any CPU.ActiveCfg = Debug|Any CPU
		{EE6CF3F9-996D-4827-B7AC-3678DAFDF848}.Debug|Any CPU.Build.0 = Debug|Any CPU
		{EE6CF3F9-996D-4827-B7AC-3678DAFDF848}.Release|Any CPU.ActiveCfg = Release|Any CPU
		{EE6CF3F9-996D-4827-B7AC-3678DAFDF848}.Release|Any CPU.Build.0 = Release|Any CPU
		{FF272BED-B945-4DD8-930C-A070E994837A}.Debug|Any CPU.ActiveCfg = Debug|Any CPU
		{FF272BED-B945-4DD8-930C-A070E994837A}.Debug|Any CPU.Build.0 = Debug|Any CPU
		{FF272BED-B945-4DD8-930C-A070E994837A}.Release|Any CPU.ActiveCfg = Release|Any CPU
		{FF272BED-B945-4DD8-930C-A070E994837A}.Release|Any CPU.Build.0 = Release|Any CPU
		{B2FCF3EC-E214-4100-8D48-87C150F57300}.Debug|Any CPU.ActiveCfg = Debug|Any CPU
		{B2FCF3EC-E214-4100-8D48-87C150F57300}.Debug|Any CPU.Build.0 = Debug|Any CPU
		{B2FCF3EC-E214-4100-8D48-87C150F57300}.Release|Any CPU.ActiveCfg = Release|Any CPU
		{B2FCF3EC-E214-4100-8D48-87C150F57300}.Release|Any CPU.Build.0 = Release|Any CPU
		{4F334E5C-B503-4DC2-A7F4-2C1A78A9C3CF}.Debug|Any CPU.ActiveCfg = Debug|Any CPU
		{4F334E5C-B503-4DC2-A7F4-2C1A78A9C3CF}.Debug|Any CPU.Build.0 = Debug|Any CPU
		{4F334E5C-B503-4DC2-A7F4-2C1A78A9C3CF}.Release|Any CPU.ActiveCfg = Release|Any CPU
		{4F334E5C-B503-4DC2-A7F4-2C1A78A9C3CF}.Release|Any CPU.Build.0 = Release|Any CPU
		{F3A37B28-C697-46BE-964D-9D303CEF7C11}.Debug|Any CPU.ActiveCfg = Debug|Any CPU
		{F3A37B28-C697-46BE-964D-9D303CEF7C11}.Debug|Any CPU.Build.0 = Debug|Any CPU
		{F3A37B28-C697-46BE-964D-9D303CEF7C11}.Release|Any CPU.ActiveCfg = Release|Any CPU
		{F3A37B28-C697-46BE-964D-9D303CEF7C11}.Release|Any CPU.Build.0 = Release|Any CPU
		{C73C9237-C0E8-4905-8BF1-513DF4774B1F}.Debug|Any CPU.ActiveCfg = Debug|Any CPU
		{C73C9237-C0E8-4905-8BF1-513DF4774B1F}.Debug|Any CPU.Build.0 = Debug|Any CPU
		{C73C9237-C0E8-4905-8BF1-513DF4774B1F}.Release|Any CPU.ActiveCfg = Release|Any CPU
		{C73C9237-C0E8-4905-8BF1-513DF4774B1F}.Release|Any CPU.Build.0 = Release|Any CPU
		{0514DC06-5C80-4617-AED4-947F88400495}.Debug|Any CPU.ActiveCfg = Debug|Any CPU
		{0514DC06-5C80-4617-AED4-947F88400495}.Debug|Any CPU.Build.0 = Debug|Any CPU
		{0514DC06-5C80-4617-AED4-947F88400495}.Release|Any CPU.ActiveCfg = Release|Any CPU
		{0514DC06-5C80-4617-AED4-947F88400495}.Release|Any CPU.Build.0 = Release|Any CPU
		{F296C546-4E32-477E-8BAE-2D296F8B642D}.Debug|Any CPU.ActiveCfg = Debug|Any CPU
		{F296C546-4E32-477E-8BAE-2D296F8B642D}.Debug|Any CPU.Build.0 = Debug|Any CPU
		{F296C546-4E32-477E-8BAE-2D296F8B642D}.Release|Any CPU.ActiveCfg = Release|Any CPU
		{F296C546-4E32-477E-8BAE-2D296F8B642D}.Release|Any CPU.Build.0 = Release|Any CPU
		{33F99560-A99B-4B1F-B4EC-69D75973E826}.Debug|Any CPU.ActiveCfg = Debug|Any CPU
		{33F99560-A99B-4B1F-B4EC-69D75973E826}.Debug|Any CPU.Build.0 = Debug|Any CPU
		{33F99560-A99B-4B1F-B4EC-69D75973E826}.Release|Any CPU.ActiveCfg = Release|Any CPU
		{33F99560-A99B-4B1F-B4EC-69D75973E826}.Release|Any CPU.Build.0 = Release|Any CPU
		{3B6547B8-5054-4562-8E39-8FEA35CD293E}.Debug|Any CPU.ActiveCfg = Debug|Any CPU
		{3B6547B8-5054-4562-8E39-8FEA35CD293E}.Debug|Any CPU.Build.0 = Debug|Any CPU
		{3B6547B8-5054-4562-8E39-8FEA35CD293E}.Release|Any CPU.ActiveCfg = Release|Any CPU
		{3B6547B8-5054-4562-8E39-8FEA35CD293E}.Release|Any CPU.Build.0 = Release|Any CPU
		{9C847A38-A3F5-4BD4-80B1-C9603379BD8F}.Debug|Any CPU.ActiveCfg = Debug|Any CPU
		{9C847A38-A3F5-4BD4-80B1-C9603379BD8F}.Debug|Any CPU.Build.0 = Debug|Any CPU
		{9C847A38-A3F5-4BD4-80B1-C9603379BD8F}.Release|Any CPU.ActiveCfg = Release|Any CPU
		{9C847A38-A3F5-4BD4-80B1-C9603379BD8F}.Release|Any CPU.Build.0 = Release|Any CPU
		{A94CDD8B-11EA-43F8-B894-ED8A42E0B914}.Debug|Any CPU.ActiveCfg = Debug|Any CPU
		{A94CDD8B-11EA-43F8-B894-ED8A42E0B914}.Debug|Any CPU.Build.0 = Debug|Any CPU
		{A94CDD8B-11EA-43F8-B894-ED8A42E0B914}.Release|Any CPU.ActiveCfg = Release|Any CPU
		{A94CDD8B-11EA-43F8-B894-ED8A42E0B914}.Release|Any CPU.Build.0 = Release|Any CPU
		{DF1BE4EF-3D08-4C72-B814-A934AA2F15B3}.Debug|Any CPU.ActiveCfg = Debug|Any CPU
		{DF1BE4EF-3D08-4C72-B814-A934AA2F15B3}.Debug|Any CPU.Build.0 = Debug|Any CPU
		{DF1BE4EF-3D08-4C72-B814-A934AA2F15B3}.Release|Any CPU.ActiveCfg = Release|Any CPU
		{DF1BE4EF-3D08-4C72-B814-A934AA2F15B3}.Release|Any CPU.Build.0 = Release|Any CPU
		{C90AA3B7-1D67-4B1B-86F9-1480832E54D6}.Debug|Any CPU.ActiveCfg = Debug|Any CPU
		{C90AA3B7-1D67-4B1B-86F9-1480832E54D6}.Debug|Any CPU.Build.0 = Debug|Any CPU
		{C90AA3B7-1D67-4B1B-86F9-1480832E54D6}.Release|Any CPU.ActiveCfg = Release|Any CPU
		{C90AA3B7-1D67-4B1B-86F9-1480832E54D6}.Release|Any CPU.Build.0 = Release|Any CPU
		{7EF50B97-511E-4857-BE5B-CD77EF566F94}.Debug|Any CPU.ActiveCfg = Debug|Any CPU
		{7EF50B97-511E-4857-BE5B-CD77EF566F94}.Debug|Any CPU.Build.0 = Debug|Any CPU
		{7EF50B97-511E-4857-BE5B-CD77EF566F94}.Release|Any CPU.ActiveCfg = Release|Any CPU
		{7EF50B97-511E-4857-BE5B-CD77EF566F94}.Release|Any CPU.Build.0 = Release|Any CPU
		{95AF4B96-7E65-467C-8FA4-DC9D55E9ABA3}.Debug|Any CPU.ActiveCfg = Debug|Any CPU
		{95AF4B96-7E65-467C-8FA4-DC9D55E9ABA3}.Debug|Any CPU.Build.0 = Debug|Any CPU
		{95AF4B96-7E65-467C-8FA4-DC9D55E9ABA3}.Release|Any CPU.ActiveCfg = Release|Any CPU
		{95AF4B96-7E65-467C-8FA4-DC9D55E9ABA3}.Release|Any CPU.Build.0 = Release|Any CPU
		{874FAF4D-1506-40B9-8BC4-EB84F7B2D409}.Debug|Any CPU.ActiveCfg = Debug|Any CPU
		{874FAF4D-1506-40B9-8BC4-EB84F7B2D409}.Debug|Any CPU.Build.0 = Debug|Any CPU
		{874FAF4D-1506-40B9-8BC4-EB84F7B2D409}.Release|Any CPU.ActiveCfg = Release|Any CPU
		{874FAF4D-1506-40B9-8BC4-EB84F7B2D409}.Release|Any CPU.Build.0 = Release|Any CPU
		{DE6DA78D-D81F-48F6-B139-B8A3CBF08141}.Debug|Any CPU.ActiveCfg = Debug|Any CPU
		{DE6DA78D-D81F-48F6-B139-B8A3CBF08141}.Debug|Any CPU.Build.0 = Debug|Any CPU
		{DE6DA78D-D81F-48F6-B139-B8A3CBF08141}.Release|Any CPU.ActiveCfg = Release|Any CPU
		{DE6DA78D-D81F-48F6-B139-B8A3CBF08141}.Release|Any CPU.Build.0 = Release|Any CPU
		{5DA6F762-903A-48B7-91FB-419760488C3B}.Debug|Any CPU.ActiveCfg = Debug|Any CPU
		{5DA6F762-903A-48B7-91FB-419760488C3B}.Debug|Any CPU.Build.0 = Debug|Any CPU
		{5DA6F762-903A-48B7-91FB-419760488C3B}.Release|Any CPU.ActiveCfg = Release|Any CPU
		{5DA6F762-903A-48B7-91FB-419760488C3B}.Release|Any CPU.Build.0 = Release|Any CPU
		{507FF4D4-CA45-4F75-A9DF-EEFDA66AEF4E}.Debug|Any CPU.ActiveCfg = Debug|Any CPU
		{507FF4D4-CA45-4F75-A9DF-EEFDA66AEF4E}.Debug|Any CPU.Build.0 = Debug|Any CPU
		{507FF4D4-CA45-4F75-A9DF-EEFDA66AEF4E}.Release|Any CPU.ActiveCfg = Release|Any CPU
		{507FF4D4-CA45-4F75-A9DF-EEFDA66AEF4E}.Release|Any CPU.Build.0 = Release|Any CPU
		{D0181E2A-17DE-4B44-B5BB-85458965200E}.Debug|Any CPU.ActiveCfg = Debug|Any CPU
		{D0181E2A-17DE-4B44-B5BB-85458965200E}.Debug|Any CPU.Build.0 = Debug|Any CPU
		{D0181E2A-17DE-4B44-B5BB-85458965200E}.Release|Any CPU.ActiveCfg = Release|Any CPU
		{D0181E2A-17DE-4B44-B5BB-85458965200E}.Release|Any CPU.Build.0 = Release|Any CPU
		{98A23F0D-E61C-45FF-8332-0021BF6E0E00}.Debug|Any CPU.ActiveCfg = Debug|Any CPU
		{98A23F0D-E61C-45FF-8332-0021BF6E0E00}.Debug|Any CPU.Build.0 = Debug|Any CPU
		{98A23F0D-E61C-45FF-8332-0021BF6E0E00}.Release|Any CPU.ActiveCfg = Release|Any CPU
		{98A23F0D-E61C-45FF-8332-0021BF6E0E00}.Release|Any CPU.Build.0 = Release|Any CPU
		{85617B43-52BD-44C8-A1C2-75948C6928D1}.Debug|Any CPU.ActiveCfg = Debug|Any CPU
		{85617B43-52BD-44C8-A1C2-75948C6928D1}.Debug|Any CPU.Build.0 = Debug|Any CPU
		{85617B43-52BD-44C8-A1C2-75948C6928D1}.Release|Any CPU.ActiveCfg = Release|Any CPU
		{85617B43-52BD-44C8-A1C2-75948C6928D1}.Release|Any CPU.Build.0 = Release|Any CPU
		{204A16DF-C1CB-4F57-88E5-241ED4A0DA33}.Debug|Any CPU.ActiveCfg = Debug|Any CPU
		{204A16DF-C1CB-4F57-88E5-241ED4A0DA33}.Debug|Any CPU.Build.0 = Debug|Any CPU
		{204A16DF-C1CB-4F57-88E5-241ED4A0DA33}.Release|Any CPU.ActiveCfg = Release|Any CPU
		{204A16DF-C1CB-4F57-88E5-241ED4A0DA33}.Release|Any CPU.Build.0 = Release|Any CPU
		{B97F4529-72A7-4A1D-9404-09AF6BE1F340}.Debug|Any CPU.ActiveCfg = Debug|Any CPU
		{B97F4529-72A7-4A1D-9404-09AF6BE1F340}.Debug|Any CPU.Build.0 = Debug|Any CPU
		{B97F4529-72A7-4A1D-9404-09AF6BE1F340}.Release|Any CPU.ActiveCfg = Release|Any CPU
		{B97F4529-72A7-4A1D-9404-09AF6BE1F340}.Release|Any CPU.Build.0 = Release|Any CPU
		{5403C8F5-826B-4243-B6C1-1AA20C056F5C}.Debug|Any CPU.ActiveCfg = Debug|Any CPU
		{5403C8F5-826B-4243-B6C1-1AA20C056F5C}.Debug|Any CPU.Build.0 = Debug|Any CPU
		{5403C8F5-826B-4243-B6C1-1AA20C056F5C}.Release|Any CPU.ActiveCfg = Release|Any CPU
		{5403C8F5-826B-4243-B6C1-1AA20C056F5C}.Release|Any CPU.Build.0 = Release|Any CPU
		{3FFB04FF-B4ED-45D3-8764-46BF9F0DF9BC}.Debug|Any CPU.ActiveCfg = Debug|Any CPU
		{3FFB04FF-B4ED-45D3-8764-46BF9F0DF9BC}.Debug|Any CPU.Build.0 = Debug|Any CPU
		{3FFB04FF-B4ED-45D3-8764-46BF9F0DF9BC}.Release|Any CPU.ActiveCfg = Release|Any CPU
		{3FFB04FF-B4ED-45D3-8764-46BF9F0DF9BC}.Release|Any CPU.Build.0 = Release|Any CPU
		{8B55258C-4ADB-4E52-A049-BC70C0856A8F}.Debug|Any CPU.ActiveCfg = Debug|Any CPU
		{8B55258C-4ADB-4E52-A049-BC70C0856A8F}.Debug|Any CPU.Build.0 = Debug|Any CPU
		{8B55258C-4ADB-4E52-A049-BC70C0856A8F}.Release|Any CPU.ActiveCfg = Release|Any CPU
		{8B55258C-4ADB-4E52-A049-BC70C0856A8F}.Release|Any CPU.Build.0 = Release|Any CPU
		{462640E7-324D-4835-A318-31E31FD3029E}.Debug|Any CPU.ActiveCfg = Debug|Any CPU
		{462640E7-324D-4835-A318-31E31FD3029E}.Debug|Any CPU.Build.0 = Debug|Any CPU
		{462640E7-324D-4835-A318-31E31FD3029E}.Release|Any CPU.ActiveCfg = Release|Any CPU
		{462640E7-324D-4835-A318-31E31FD3029E}.Release|Any CPU.Build.0 = Release|Any CPU
		{2CA9A70A-ADE1-4639-BD4B-08D01267876E}.Debug|Any CPU.ActiveCfg = Debug|Any CPU
		{2CA9A70A-ADE1-4639-BD4B-08D01267876E}.Debug|Any CPU.Build.0 = Debug|Any CPU
		{2CA9A70A-ADE1-4639-BD4B-08D01267876E}.Release|Any CPU.ActiveCfg = Release|Any CPU
		{2CA9A70A-ADE1-4639-BD4B-08D01267876E}.Release|Any CPU.Build.0 = Release|Any CPU
		{9EED2A6F-8DF0-487D-9AAE-F70391F69E23}.Debug|Any CPU.ActiveCfg = Debug|Any CPU
		{9EED2A6F-8DF0-487D-9AAE-F70391F69E23}.Debug|Any CPU.Build.0 = Debug|Any CPU
		{9EED2A6F-8DF0-487D-9AAE-F70391F69E23}.Release|Any CPU.ActiveCfg = Release|Any CPU
		{9EED2A6F-8DF0-487D-9AAE-F70391F69E23}.Release|Any CPU.Build.0 = Release|Any CPU
		{0E4CA1D2-6BD0-40D0-98B4-0311C54E7729}.Debug|Any CPU.ActiveCfg = Debug|Any CPU
		{0E4CA1D2-6BD0-40D0-98B4-0311C54E7729}.Debug|Any CPU.Build.0 = Debug|Any CPU
		{0E4CA1D2-6BD0-40D0-98B4-0311C54E7729}.Release|Any CPU.ActiveCfg = Release|Any CPU
		{0E4CA1D2-6BD0-40D0-98B4-0311C54E7729}.Release|Any CPU.Build.0 = Release|Any CPU
		{BFEC4275-C712-4D03-9F06-15319B87797A}.Debug|Any CPU.ActiveCfg = Debug|Any CPU
		{BFEC4275-C712-4D03-9F06-15319B87797A}.Debug|Any CPU.Build.0 = Debug|Any CPU
		{BFEC4275-C712-4D03-9F06-15319B87797A}.Release|Any CPU.ActiveCfg = Release|Any CPU
		{BFEC4275-C712-4D03-9F06-15319B87797A}.Release|Any CPU.Build.0 = Release|Any CPU
		{07701D11-8500-459C-B299-96C4FC40507F}.Debug|Any CPU.ActiveCfg = Debug|Any CPU
		{07701D11-8500-459C-B299-96C4FC40507F}.Debug|Any CPU.Build.0 = Debug|Any CPU
		{07701D11-8500-459C-B299-96C4FC40507F}.Release|Any CPU.ActiveCfg = Release|Any CPU
		{07701D11-8500-459C-B299-96C4FC40507F}.Release|Any CPU.Build.0 = Release|Any CPU
		{089AEC49-136C-4F89-B371-81216C55B53B}.Debug|Any CPU.ActiveCfg = Debug|Any CPU
		{089AEC49-136C-4F89-B371-81216C55B53B}.Debug|Any CPU.Build.0 = Debug|Any CPU
		{089AEC49-136C-4F89-B371-81216C55B53B}.Release|Any CPU.ActiveCfg = Release|Any CPU
		{089AEC49-136C-4F89-B371-81216C55B53B}.Release|Any CPU.Build.0 = Release|Any CPU
		{B39F8B9B-4EBA-45DA-8005-4B94CCEDC2AE}.Debug|Any CPU.ActiveCfg = Debug|Any CPU
		{B39F8B9B-4EBA-45DA-8005-4B94CCEDC2AE}.Debug|Any CPU.Build.0 = Debug|Any CPU
		{B39F8B9B-4EBA-45DA-8005-4B94CCEDC2AE}.Release|Any CPU.ActiveCfg = Release|Any CPU
		{B39F8B9B-4EBA-45DA-8005-4B94CCEDC2AE}.Release|Any CPU.Build.0 = Release|Any CPU
		{8595CC7D-2955-4310-8748-BA9CD67084D1}.Debug|Any CPU.ActiveCfg = Debug|Any CPU
		{8595CC7D-2955-4310-8748-BA9CD67084D1}.Debug|Any CPU.Build.0 = Debug|Any CPU
		{8595CC7D-2955-4310-8748-BA9CD67084D1}.Release|Any CPU.ActiveCfg = Release|Any CPU
		{8595CC7D-2955-4310-8748-BA9CD67084D1}.Release|Any CPU.Build.0 = Release|Any CPU
		{0F52B9FC-6C17-40C8-A193-DBE85387469A}.Debug|Any CPU.ActiveCfg = Debug|Any CPU
		{0F52B9FC-6C17-40C8-A193-DBE85387469A}.Debug|Any CPU.Build.0 = Debug|Any CPU
		{0F52B9FC-6C17-40C8-A193-DBE85387469A}.Release|Any CPU.ActiveCfg = Release|Any CPU
		{0F52B9FC-6C17-40C8-A193-DBE85387469A}.Release|Any CPU.Build.0 = Release|Any CPU
		{DEFC4B86-81AF-4AC6-BEF0-9EDE85BB0B06}.Debug|Any CPU.ActiveCfg = Debug|Any CPU
		{DEFC4B86-81AF-4AC6-BEF0-9EDE85BB0B06}.Debug|Any CPU.Build.0 = Debug|Any CPU
		{DEFC4B86-81AF-4AC6-BEF0-9EDE85BB0B06}.Release|Any CPU.ActiveCfg = Release|Any CPU
		{DEFC4B86-81AF-4AC6-BEF0-9EDE85BB0B06}.Release|Any CPU.Build.0 = Release|Any CPU
		{C92DE1D7-B9FB-4B21-8482-D1DC64E8E1FD}.Debug|Any CPU.ActiveCfg = Debug|Any CPU
		{C92DE1D7-B9FB-4B21-8482-D1DC64E8E1FD}.Debug|Any CPU.Build.0 = Debug|Any CPU
		{C92DE1D7-B9FB-4B21-8482-D1DC64E8E1FD}.Release|Any CPU.ActiveCfg = Release|Any CPU
		{C92DE1D7-B9FB-4B21-8482-D1DC64E8E1FD}.Release|Any CPU.Build.0 = Release|Any CPU
		{1C334003-CDD0-4A97-8835-DD5AA3D771C1}.Debug|Any CPU.ActiveCfg = Debug|Any CPU
		{1C334003-CDD0-4A97-8835-DD5AA3D771C1}.Debug|Any CPU.Build.0 = Debug|Any CPU
		{1C334003-CDD0-4A97-8835-DD5AA3D771C1}.Release|Any CPU.ActiveCfg = Release|Any CPU
		{1C334003-CDD0-4A97-8835-DD5AA3D771C1}.Release|Any CPU.Build.0 = Release|Any CPU
		{EFB4F89D-9125-4DFF-AE29-79AA52E23916}.Debug|Any CPU.ActiveCfg = Debug|Any CPU
		{EFB4F89D-9125-4DFF-AE29-79AA52E23916}.Debug|Any CPU.Build.0 = Debug|Any CPU
		{EFB4F89D-9125-4DFF-AE29-79AA52E23916}.Release|Any CPU.ActiveCfg = Release|Any CPU
		{EFB4F89D-9125-4DFF-AE29-79AA52E23916}.Release|Any CPU.Build.0 = Release|Any CPU
		{F6ADAC0D-CB08-454F-8CFB-B4E800F7A1E9}.Debug|Any CPU.ActiveCfg = Debug|Any CPU
		{F6ADAC0D-CB08-454F-8CFB-B4E800F7A1E9}.Debug|Any CPU.Build.0 = Debug|Any CPU
		{F6ADAC0D-CB08-454F-8CFB-B4E800F7A1E9}.Release|Any CPU.ActiveCfg = Release|Any CPU
		{F6ADAC0D-CB08-454F-8CFB-B4E800F7A1E9}.Release|Any CPU.Build.0 = Release|Any CPU
		{F12B2328-5D61-424A-B167-4F3598112845}.Debug|Any CPU.ActiveCfg = Debug|Any CPU
		{F12B2328-5D61-424A-B167-4F3598112845}.Debug|Any CPU.Build.0 = Debug|Any CPU
		{F12B2328-5D61-424A-B167-4F3598112845}.Release|Any CPU.ActiveCfg = Release|Any CPU
		{F12B2328-5D61-424A-B167-4F3598112845}.Release|Any CPU.Build.0 = Release|Any CPU
		{90ABAF16-5D19-4320-9588-0EF3C797B16F}.Debug|Any CPU.ActiveCfg = Debug|Any CPU
		{90ABAF16-5D19-4320-9588-0EF3C797B16F}.Debug|Any CPU.Build.0 = Debug|Any CPU
		{90ABAF16-5D19-4320-9588-0EF3C797B16F}.Release|Any CPU.ActiveCfg = Release|Any CPU
		{90ABAF16-5D19-4320-9588-0EF3C797B16F}.Release|Any CPU.Build.0 = Release|Any CPU
		{88EEC9E9-DA29-4C9C-9EC8-915ADAD4F484}.Debug|Any CPU.ActiveCfg = Debug|Any CPU
		{88EEC9E9-DA29-4C9C-9EC8-915ADAD4F484}.Debug|Any CPU.Build.0 = Debug|Any CPU
		{88EEC9E9-DA29-4C9C-9EC8-915ADAD4F484}.Release|Any CPU.ActiveCfg = Release|Any CPU
		{88EEC9E9-DA29-4C9C-9EC8-915ADAD4F484}.Release|Any CPU.Build.0 = Release|Any CPU
		{2EC9AB25-EC25-4E47-B82A-9FB201BDF8F1}.Debug|Any CPU.ActiveCfg = Debug|Any CPU
		{2EC9AB25-EC25-4E47-B82A-9FB201BDF8F1}.Debug|Any CPU.Build.0 = Debug|Any CPU
		{2EC9AB25-EC25-4E47-B82A-9FB201BDF8F1}.Release|Any CPU.ActiveCfg = Release|Any CPU
		{2EC9AB25-EC25-4E47-B82A-9FB201BDF8F1}.Release|Any CPU.Build.0 = Release|Any CPU
		{FFC2FF11-A639-4C1C-B563-E3774039734E}.Debug|Any CPU.ActiveCfg = Debug|Any CPU
		{FFC2FF11-A639-4C1C-B563-E3774039734E}.Debug|Any CPU.Build.0 = Debug|Any CPU
		{FFC2FF11-A639-4C1C-B563-E3774039734E}.Release|Any CPU.ActiveCfg = Release|Any CPU
		{FFC2FF11-A639-4C1C-B563-E3774039734E}.Release|Any CPU.Build.0 = Release|Any CPU
		{0B8F60EE-F31C-443A-AFE3-8B58F3F2DD9A}.Debug|Any CPU.ActiveCfg = Debug|Any CPU
		{0B8F60EE-F31C-443A-AFE3-8B58F3F2DD9A}.Debug|Any CPU.Build.0 = Debug|Any CPU
		{0B8F60EE-F31C-443A-AFE3-8B58F3F2DD9A}.Release|Any CPU.ActiveCfg = Release|Any CPU
		{0B8F60EE-F31C-443A-AFE3-8B58F3F2DD9A}.Release|Any CPU.Build.0 = Release|Any CPU
		{985D0111-3F47-4398-9112-CCF33D69E9C6}.Debug|Any CPU.ActiveCfg = Debug|Any CPU
		{985D0111-3F47-4398-9112-CCF33D69E9C6}.Debug|Any CPU.Build.0 = Debug|Any CPU
		{985D0111-3F47-4398-9112-CCF33D69E9C6}.Release|Any CPU.ActiveCfg = Release|Any CPU
		{985D0111-3F47-4398-9112-CCF33D69E9C6}.Release|Any CPU.Build.0 = Release|Any CPU
		{16104C70-5773-44B9-B5EE-229DC1A96834}.Debug|Any CPU.ActiveCfg = Debug|Any CPU
		{16104C70-5773-44B9-B5EE-229DC1A96834}.Debug|Any CPU.Build.0 = Debug|Any CPU
		{16104C70-5773-44B9-B5EE-229DC1A96834}.Release|Any CPU.ActiveCfg = Release|Any CPU
		{16104C70-5773-44B9-B5EE-229DC1A96834}.Release|Any CPU.Build.0 = Release|Any CPU
		{5BC4EF47-7550-4FD2-B8DE-FF0E7CDC7DAC}.Debug|Any CPU.ActiveCfg = Debug|Any CPU
		{5BC4EF47-7550-4FD2-B8DE-FF0E7CDC7DAC}.Debug|Any CPU.Build.0 = Debug|Any CPU
		{5BC4EF47-7550-4FD2-B8DE-FF0E7CDC7DAC}.Release|Any CPU.ActiveCfg = Release|Any CPU
		{5BC4EF47-7550-4FD2-B8DE-FF0E7CDC7DAC}.Release|Any CPU.Build.0 = Release|Any CPU
		{517F8390-A244-48F5-B0E7-3774F6FA5D9B}.Debug|Any CPU.ActiveCfg = Debug|Any CPU
		{517F8390-A244-48F5-B0E7-3774F6FA5D9B}.Debug|Any CPU.Build.0 = Debug|Any CPU
		{517F8390-A244-48F5-B0E7-3774F6FA5D9B}.Release|Any CPU.ActiveCfg = Release|Any CPU
		{517F8390-A244-48F5-B0E7-3774F6FA5D9B}.Release|Any CPU.Build.0 = Release|Any CPU
		{B891E7C5-8171-4DAB-AA57-234BA8EBEC96}.Debug|Any CPU.ActiveCfg = Debug|Any CPU
		{B891E7C5-8171-4DAB-AA57-234BA8EBEC96}.Debug|Any CPU.Build.0 = Debug|Any CPU
		{B891E7C5-8171-4DAB-AA57-234BA8EBEC96}.Release|Any CPU.ActiveCfg = Release|Any CPU
		{B891E7C5-8171-4DAB-AA57-234BA8EBEC96}.Release|Any CPU.Build.0 = Release|Any CPU
		{7BB51AE0-CC53-47F9-B6FB-C4AFAF2E0482}.Debug|Any CPU.ActiveCfg = Debug|Any CPU
		{7BB51AE0-CC53-47F9-B6FB-C4AFAF2E0482}.Debug|Any CPU.Build.0 = Debug|Any CPU
		{7BB51AE0-CC53-47F9-B6FB-C4AFAF2E0482}.Release|Any CPU.ActiveCfg = Release|Any CPU
		{7BB51AE0-CC53-47F9-B6FB-C4AFAF2E0482}.Release|Any CPU.Build.0 = Release|Any CPU
		{564D6C78-C5F0-4B17-9F1E-18DB79E2B083}.Debug|Any CPU.ActiveCfg = Debug|Any CPU
		{564D6C78-C5F0-4B17-9F1E-18DB79E2B083}.Debug|Any CPU.Build.0 = Debug|Any CPU
		{564D6C78-C5F0-4B17-9F1E-18DB79E2B083}.Release|Any CPU.ActiveCfg = Release|Any CPU
		{564D6C78-C5F0-4B17-9F1E-18DB79E2B083}.Release|Any CPU.Build.0 = Release|Any CPU
		{CCF75F16-1BDB-4F29-A620-76F6306E2D79}.Debug|Any CPU.ActiveCfg = Debug|Any CPU
		{CCF75F16-1BDB-4F29-A620-76F6306E2D79}.Debug|Any CPU.Build.0 = Debug|Any CPU
		{CCF75F16-1BDB-4F29-A620-76F6306E2D79}.Release|Any CPU.ActiveCfg = Release|Any CPU
		{CCF75F16-1BDB-4F29-A620-76F6306E2D79}.Release|Any CPU.Build.0 = Release|Any CPU
		{86778418-2C8F-450C-8E7B-4C5BDA07E81A}.Debug|Any CPU.ActiveCfg = Debug|Any CPU
		{86778418-2C8F-450C-8E7B-4C5BDA07E81A}.Debug|Any CPU.Build.0 = Debug|Any CPU
		{86778418-2C8F-450C-8E7B-4C5BDA07E81A}.Release|Any CPU.ActiveCfg = Release|Any CPU
		{86778418-2C8F-450C-8E7B-4C5BDA07E81A}.Release|Any CPU.Build.0 = Release|Any CPU
		{7906DBCA-C733-45EB-BC0F-AB28742F8840}.Debug|Any CPU.ActiveCfg = Debug|Any CPU
		{7906DBCA-C733-45EB-BC0F-AB28742F8840}.Debug|Any CPU.Build.0 = Debug|Any CPU
		{7906DBCA-C733-45EB-BC0F-AB28742F8840}.Release|Any CPU.ActiveCfg = Release|Any CPU
		{7906DBCA-C733-45EB-BC0F-AB28742F8840}.Release|Any CPU.Build.0 = Release|Any CPU
		{DC3E1862-A33A-4D79-A2D3-58ADB2C337BA}.Debug|Any CPU.ActiveCfg = Debug|Any CPU
		{DC3E1862-A33A-4D79-A2D3-58ADB2C337BA}.Debug|Any CPU.Build.0 = Debug|Any CPU
		{DC3E1862-A33A-4D79-A2D3-58ADB2C337BA}.Release|Any CPU.ActiveCfg = Release|Any CPU
		{DC3E1862-A33A-4D79-A2D3-58ADB2C337BA}.Release|Any CPU.Build.0 = Release|Any CPU
		{BF4C7D36-61B3-410B-B46D-05142747ED0D}.Debug|Any CPU.ActiveCfg = Debug|Any CPU
		{BF4C7D36-61B3-410B-B46D-05142747ED0D}.Debug|Any CPU.Build.0 = Debug|Any CPU
		{BF4C7D36-61B3-410B-B46D-05142747ED0D}.Release|Any CPU.ActiveCfg = Release|Any CPU
		{BF4C7D36-61B3-410B-B46D-05142747ED0D}.Release|Any CPU.Build.0 = Release|Any CPU
		{2C1F96D7-FD94-4CBA-B39E-0B913773EFA1}.Debug|Any CPU.ActiveCfg = Debug|Any CPU
		{2C1F96D7-FD94-4CBA-B39E-0B913773EFA1}.Debug|Any CPU.Build.0 = Debug|Any CPU
		{2C1F96D7-FD94-4CBA-B39E-0B913773EFA1}.Release|Any CPU.ActiveCfg = Release|Any CPU
		{2C1F96D7-FD94-4CBA-B39E-0B913773EFA1}.Release|Any CPU.Build.0 = Release|Any CPU
		{0E6FFFFF-3F3F-47B3-A537-29EB97AAC08D}.Debug|Any CPU.ActiveCfg = Debug|Any CPU
		{0E6FFFFF-3F3F-47B3-A537-29EB97AAC08D}.Debug|Any CPU.Build.0 = Debug|Any CPU
		{0E6FFFFF-3F3F-47B3-A537-29EB97AAC08D}.Release|Any CPU.ActiveCfg = Release|Any CPU
		{0E6FFFFF-3F3F-47B3-A537-29EB97AAC08D}.Release|Any CPU.Build.0 = Release|Any CPU
		{67B1D24F-ED2B-48A4-A210-01BD9DE10B1E}.Debug|Any CPU.ActiveCfg = Debug|Any CPU
		{67B1D24F-ED2B-48A4-A210-01BD9DE10B1E}.Debug|Any CPU.Build.0 = Debug|Any CPU
		{67B1D24F-ED2B-48A4-A210-01BD9DE10B1E}.Release|Any CPU.ActiveCfg = Release|Any CPU
		{67B1D24F-ED2B-48A4-A210-01BD9DE10B1E}.Release|Any CPU.Build.0 = Release|Any CPU
		{F0442949-E7BA-4621-8C31-28CFFF4D826B}.Debug|Any CPU.ActiveCfg = Debug|Any CPU
		{F0442949-E7BA-4621-8C31-28CFFF4D826B}.Debug|Any CPU.Build.0 = Debug|Any CPU
		{F0442949-E7BA-4621-8C31-28CFFF4D826B}.Release|Any CPU.ActiveCfg = Release|Any CPU
		{F0442949-E7BA-4621-8C31-28CFFF4D826B}.Release|Any CPU.Build.0 = Release|Any CPU
		{8B671188-6926-4F59-94AC-1663435D9E15}.Debug|Any CPU.ActiveCfg = Debug|Any CPU
		{8B671188-6926-4F59-94AC-1663435D9E15}.Debug|Any CPU.Build.0 = Debug|Any CPU
		{8B671188-6926-4F59-94AC-1663435D9E15}.Release|Any CPU.ActiveCfg = Release|Any CPU
		{8B671188-6926-4F59-94AC-1663435D9E15}.Release|Any CPU.Build.0 = Release|Any CPU
		{8D1AD28C-2884-43BD-AB3B-06990BDAFEC5}.Debug|Any CPU.ActiveCfg = Debug|Any CPU
		{8D1AD28C-2884-43BD-AB3B-06990BDAFEC5}.Debug|Any CPU.Build.0 = Debug|Any CPU
		{8D1AD28C-2884-43BD-AB3B-06990BDAFEC5}.Release|Any CPU.ActiveCfg = Release|Any CPU
		{8D1AD28C-2884-43BD-AB3B-06990BDAFEC5}.Release|Any CPU.Build.0 = Release|Any CPU
		{2CB58028-B615-4CC5-B725-4935110A4E7F}.Debug|Any CPU.ActiveCfg = Debug|Any CPU
		{2CB58028-B615-4CC5-B725-4935110A4E7F}.Debug|Any CPU.Build.0 = Debug|Any CPU
		{2CB58028-B615-4CC5-B725-4935110A4E7F}.Release|Any CPU.ActiveCfg = Release|Any CPU
		{2CB58028-B615-4CC5-B725-4935110A4E7F}.Release|Any CPU.Build.0 = Release|Any CPU
		{390F3949-C409-4DC9-B491-D0D5F7D68744}.Debug|Any CPU.ActiveCfg = Debug|Any CPU
		{390F3949-C409-4DC9-B491-D0D5F7D68744}.Debug|Any CPU.Build.0 = Debug|Any CPU
		{390F3949-C409-4DC9-B491-D0D5F7D68744}.Release|Any CPU.ActiveCfg = Release|Any CPU
		{390F3949-C409-4DC9-B491-D0D5F7D68744}.Release|Any CPU.Build.0 = Release|Any CPU
		{0238E192-2CBA-4036-900E-47E3D48F44D7}.Debug|Any CPU.ActiveCfg = Debug|Any CPU
		{0238E192-2CBA-4036-900E-47E3D48F44D7}.Debug|Any CPU.Build.0 = Debug|Any CPU
		{0238E192-2CBA-4036-900E-47E3D48F44D7}.Release|Any CPU.ActiveCfg = Release|Any CPU
		{0238E192-2CBA-4036-900E-47E3D48F44D7}.Release|Any CPU.Build.0 = Release|Any CPU
		{4D5D8DE6-244F-4F61-AA21-240319710F53}.Debug|Any CPU.ActiveCfg = Debug|Any CPU
		{4D5D8DE6-244F-4F61-AA21-240319710F53}.Debug|Any CPU.Build.0 = Debug|Any CPU
		{4D5D8DE6-244F-4F61-AA21-240319710F53}.Release|Any CPU.ActiveCfg = Release|Any CPU
		{4D5D8DE6-244F-4F61-AA21-240319710F53}.Release|Any CPU.Build.0 = Release|Any CPU
		{A75DCF58-4F4E-4610-BF4C-6008BE149083}.Debug|Any CPU.ActiveCfg = Debug|Any CPU
		{A75DCF58-4F4E-4610-BF4C-6008BE149083}.Debug|Any CPU.Build.0 = Debug|Any CPU
		{A75DCF58-4F4E-4610-BF4C-6008BE149083}.Release|Any CPU.ActiveCfg = Release|Any CPU
		{A75DCF58-4F4E-4610-BF4C-6008BE149083}.Release|Any CPU.Build.0 = Release|Any CPU
		{BF2F07DA-0367-4B56-AC91-0056E21CC6AF}.Debug|Any CPU.ActiveCfg = Debug|Any CPU
		{BF2F07DA-0367-4B56-AC91-0056E21CC6AF}.Debug|Any CPU.Build.0 = Debug|Any CPU
		{BF2F07DA-0367-4B56-AC91-0056E21CC6AF}.Release|Any CPU.ActiveCfg = Release|Any CPU
		{BF2F07DA-0367-4B56-AC91-0056E21CC6AF}.Release|Any CPU.Build.0 = Release|Any CPU
		{982F5089-57BC-400A-915E-08CC05C30E0F}.Debug|Any CPU.ActiveCfg = Debug|Any CPU
		{982F5089-57BC-400A-915E-08CC05C30E0F}.Debug|Any CPU.Build.0 = Debug|Any CPU
		{982F5089-57BC-400A-915E-08CC05C30E0F}.Release|Any CPU.ActiveCfg = Release|Any CPU
		{982F5089-57BC-400A-915E-08CC05C30E0F}.Release|Any CPU.Build.0 = Release|Any CPU
		{35700F0A-1247-475B-B942-7BD9A771F044}.Debug|Any CPU.ActiveCfg = Debug|Any CPU
		{35700F0A-1247-475B-B942-7BD9A771F044}.Debug|Any CPU.Build.0 = Debug|Any CPU
		{35700F0A-1247-475B-B942-7BD9A771F044}.Release|Any CPU.ActiveCfg = Release|Any CPU
		{35700F0A-1247-475B-B942-7BD9A771F044}.Release|Any CPU.Build.0 = Release|Any CPU
		{C2ED8779-AB96-495E-9F8A-33F813274E94}.Debug|Any CPU.ActiveCfg = Debug|Any CPU
		{C2ED8779-AB96-495E-9F8A-33F813274E94}.Debug|Any CPU.Build.0 = Debug|Any CPU
		{C2ED8779-AB96-495E-9F8A-33F813274E94}.Release|Any CPU.ActiveCfg = Release|Any CPU
		{C2ED8779-AB96-495E-9F8A-33F813274E94}.Release|Any CPU.Build.0 = Release|Any CPU
		{C3418E57-95FA-4611-8878-F2844F72AD28}.Debug|Any CPU.ActiveCfg = Debug|Any CPU
		{C3418E57-95FA-4611-8878-F2844F72AD28}.Debug|Any CPU.Build.0 = Debug|Any CPU
		{C3418E57-95FA-4611-8878-F2844F72AD28}.Release|Any CPU.ActiveCfg = Release|Any CPU
		{C3418E57-95FA-4611-8878-F2844F72AD28}.Release|Any CPU.Build.0 = Release|Any CPU
		{1D5D95B2-CC21-4F69-A468-44289565C2EB}.Debug|Any CPU.ActiveCfg = Debug|Any CPU
		{1D5D95B2-CC21-4F69-A468-44289565C2EB}.Debug|Any CPU.Build.0 = Debug|Any CPU
		{1D5D95B2-CC21-4F69-A468-44289565C2EB}.Release|Any CPU.ActiveCfg = Release|Any CPU
		{1D5D95B2-CC21-4F69-A468-44289565C2EB}.Release|Any CPU.Build.0 = Release|Any CPU
		{97001FD9-EB8F-42D3-8964-2E5FB8076A3B}.Debug|Any CPU.ActiveCfg = Debug|Any CPU
		{97001FD9-EB8F-42D3-8964-2E5FB8076A3B}.Debug|Any CPU.Build.0 = Debug|Any CPU
		{97001FD9-EB8F-42D3-8964-2E5FB8076A3B}.Release|Any CPU.ActiveCfg = Release|Any CPU
		{97001FD9-EB8F-42D3-8964-2E5FB8076A3B}.Release|Any CPU.Build.0 = Release|Any CPU
		{2CC368CD-FA53-4B22-BA89-B6DE1E9B716E}.Debug|Any CPU.ActiveCfg = Debug|Any CPU
		{2CC368CD-FA53-4B22-BA89-B6DE1E9B716E}.Debug|Any CPU.Build.0 = Debug|Any CPU
		{2CC368CD-FA53-4B22-BA89-B6DE1E9B716E}.Release|Any CPU.ActiveCfg = Release|Any CPU
		{2CC368CD-FA53-4B22-BA89-B6DE1E9B716E}.Release|Any CPU.Build.0 = Release|Any CPU
		{A5533F79-636E-4EC1-824A-4B5DFCB5521C}.Debug|Any CPU.ActiveCfg = Debug|Any CPU
		{A5533F79-636E-4EC1-824A-4B5DFCB5521C}.Debug|Any CPU.Build.0 = Debug|Any CPU
		{A5533F79-636E-4EC1-824A-4B5DFCB5521C}.Release|Any CPU.ActiveCfg = Release|Any CPU
		{A5533F79-636E-4EC1-824A-4B5DFCB5521C}.Release|Any CPU.Build.0 = Release|Any CPU
	EndGlobalSection
	GlobalSection(SolutionProperties) = preSolution
		HideSolutionNode = FALSE
	EndGlobalSection
	GlobalSection(ExtensibilityGlobals) = postSolution
		SolutionGuid = {2388CB48-F41D-4F86-A474-B8EA77F86C79}
	EndGlobalSection
EndGlobal
