
Microsoft Visual Studio Solution File, Format Version 12.00
# Visual Studio Version 16
VisualStudioVersion = 16.0.30907.101
MinimumVisualStudioVersion = 10.0.40219.1
Project("{FAE04EC0-301F-11D3-BF4B-00C04F79EFBC}") = "20. Valid Parentheses", "20. Valid Parentheses\20. Valid Parentheses.csproj", "{1F648B93-99D6-4D70-A6E5-CC2E36EEC163}"
EndProject
Project("{FAE04EC0-301F-11D3-BF4B-00C04F79EFBC}") = "55. Jump Game", "55. Jump Game\55. Jump Game.csproj", "{D26474A4-5AA9-4BD1-82A2-1DCA6D1E4214}"
EndProject
Project("{FAE04EC0-301F-11D3-BF4B-00C04F79EFBC}") = "8. String to Integer (atoi)", "8. String to Integer (atoi)\8. String to Integer (atoi).csproj", "{6C9A6143-0502-45AC-947F-B85BF9241AB9}"
EndProject
Global
	GlobalSection(SolutionConfigurationPlatforms) = preSolution
		Debug|Any CPU = Debug|Any CPU
		Release|Any CPU = Release|Any CPU
	EndGlobalSection
	GlobalSection(ProjectConfigurationPlatforms) = postSolution
		{1F648B93-99D6-4D70-A6E5-CC2E36EEC163}.Debug|Any CPU.ActiveCfg = Debug|Any CPU
		{1F648B93-99D6-4D70-A6E5-CC2E36EEC163}.Debug|Any CPU.Build.0 = Debug|Any CPU
		{1F648B93-99D6-4D70-A6E5-CC2E36EEC163}.Release|Any CPU.ActiveCfg = Release|Any CPU
		{1F648B93-99D6-4D70-A6E5-CC2E36EEC163}.Release|Any CPU.Build.0 = Release|Any CPU
		{D26474A4-5AA9-4BD1-82A2-1DCA6D1E4214}.Debug|Any CPU.ActiveCfg = Debug|Any CPU
		{D26474A4-5AA9-4BD1-82A2-1DCA6D1E4214}.Debug|Any CPU.Build.0 = Debug|Any CPU
		{D26474A4-5AA9-4BD1-82A2-1DCA6D1E4214}.Release|Any CPU.ActiveCfg = Release|Any CPU
		{D26474A4-5AA9-4BD1-82A2-1DCA6D1E4214}.Release|Any CPU.Build.0 = Release|Any CPU
		{6C9A6143-0502-45AC-947F-B85BF9241AB9}.Debug|Any CPU.ActiveCfg = Debug|Any CPU
		{6C9A6143-0502-45AC-947F-B85BF9241AB9}.Debug|Any CPU.Build.0 = Debug|Any CPU
		{6C9A6143-0502-45AC-947F-B85BF9241AB9}.Release|Any CPU.ActiveCfg = Release|Any CPU
		{6C9A6143-0502-45AC-947F-B85BF9241AB9}.Release|Any CPU.Build.0 = Release|Any CPU
	EndGlobalSection
	GlobalSection(SolutionProperties) = preSolution
		HideSolutionNode = FALSE
	EndGlobalSection
	GlobalSection(ExtensibilityGlobals) = postSolution
		SolutionGuid = {2388CB48-F41D-4F86-A474-B8EA77F86C79}
	EndGlobalSection
EndGlobal
